
Microsoft Visual Studio Solution File, Format Version 12.00
# Visual Studio Version 16
VisualStudioVersion = 25.0.1703.0
MinimumVisualStudioVersion = 10.0.40219.1
Project("{FAE04EC0-301F-11D3-BF4B-00C04F79EFBC}") = "Elefont", "Elefont\Elefont.csproj", "{39F63816-391D-4939-B6A0-AE7BFB60A946}"
EndProject
Project("{FAE04EC0-301F-11D3-BF4B-00C04F79EFBC}") = "ElefontNETCore", "ElefontNetCore\ElefontNETCore.csproj", "{8C2B21AC-85CE-48F5-A3AC-B4F109ABA96D}"
EndProject
Project("{FAE04EC0-301F-11D3-BF4B-00C04F79EFBC}") = "ElefontNETStandard", "ElefontNETStandard\ElefontNETStandard.csproj", "{B894B911-2AFC-45E3-8A36-F86821264758}"
EndProject
Global
	GlobalSection(SolutionConfigurationPlatforms) = preSolution
		Debug|Any CPU = Debug|Any CPU
		Release|Any CPU = Release|Any CPU
	EndGlobalSection
	GlobalSection(ProjectConfigurationPlatforms) = postSolution
		{39F63816-391D-4939-B6A0-AE7BFB60A946}.Debug|Any CPU.ActiveCfg = Debug|Any CPU
		{39F63816-391D-4939-B6A0-AE7BFB60A946}.Debug|Any CPU.Build.0 = Debug|Any CPU
		{39F63816-391D-4939-B6A0-AE7BFB60A946}.Release|Any CPU.ActiveCfg = Release|Any CPU
		{39F63816-391D-4939-B6A0-AE7BFB60A946}.Release|Any CPU.Build.0 = Release|Any CPU
		{8C2B21AC-85CE-48F5-A3AC-B4F109ABA96D}.Debug|Any CPU.ActiveCfg = Debug|Any CPU
		{8C2B21AC-85CE-48F5-A3AC-B4F109ABA96D}.Debug|Any CPU.Build.0 = Debug|Any CPU
		{8C2B21AC-85CE-48F5-A3AC-B4F109ABA96D}.Release|Any CPU.ActiveCfg = Release|Any CPU
		{8C2B21AC-85CE-48F5-A3AC-B4F109ABA96D}.Release|Any CPU.Build.0 = Release|Any CPU
		{B894B911-2AFC-45E3-8A36-F86821264758}.Debug|Any CPU.ActiveCfg = Debug|Any CPU
		{B894B911-2AFC-45E3-8A36-F86821264758}.Debug|Any CPU.Build.0 = Debug|Any CPU
		{B894B911-2AFC-45E3-8A36-F86821264758}.Release|Any CPU.ActiveCfg = Release|Any CPU
		{B894B911-2AFC-45E3-8A36-F86821264758}.Release|Any CPU.Build.0 = Release|Any CPU
	EndGlobalSection
	GlobalSection(SolutionProperties) = preSolution
		HideSolutionNode = FALSE
	EndGlobalSection
	GlobalSection(ExtensibilityGlobals) = postSolution
		SolutionGuid = {615D2FF5-6DE6-4E05-89DE-061273F988AB}
	EndGlobalSection
	GlobalSection(MonoDevelopProperties) = preSolution
		Policies = $0
		$0.DotNetNamingPolicy = $1
		$1.DirectoryNamespaceAssociation = PrefixedHierarchical
		$0.TextStylePolicy = $2
		$2.inheritsSet = null
		$2.scope = text/x-csharp
		$0.CSharpFormattingPolicy = $3
		$3.scope = text/x-csharp
		$0.TextStylePolicy = $4
		$4.FileWidth = 80
		$4.TabsToSpaces = True
		$4.scope = text/plain
		$0.StandardHeader = $5
	EndGlobalSection
EndGlobal
